
Microsoft Visual Studio Solution File, Format Version 12.00
# Visual Studio Version 16
VisualStudioVersion = 16.0.32106.194
MinimumVisualStudioVersion = 10.0.40219.1
Project("{FAE04EC0-301F-11D3-BF4B-00C04F79EFBC}") = "NetCore", "NetCore.csproj", "{B6CFC29E-BCC8-4F90-B738-E6068B387B32}"
EndProject
Global
	GlobalSection(SolutionConfigurationPlatforms) = preSolution
		Debug|Any CPU = Debug|Any CPU
		Release|Any CPU = Release|Any CPU
	EndGlobalSection
	GlobalSection(ProjectConfigurationPlatforms) = postSolution
		{B6CFC29E-BCC8-4F90-B738-E6068B387B32}.Debug|Any CPU.ActiveCfg = Debug|Any CPU
		{B6CFC29E-BCC8-4F90-B738-E6068B387B32}.Debug|Any CPU.Build.0 = Debug|Any CPU
		{B6CFC29E-BCC8-4F90-B738-E6068B387B32}.Release|Any CPU.ActiveCfg = Release|Any CPU
		{B6CFC29E-BCC8-4F90-B738-E6068B387B32}.Release|Any CPU.Build.0 = Release|Any CPU
	EndGlobalSection
	GlobalSection(SolutionProperties) = preSolution
		HideSolutionNode = FALSE
	EndGlobalSection
	GlobalSection(ExtensibilityGlobals) = postSolution
		SolutionGuid = {0EB108A7-8CAD-4633-B9C7-4BC1463CC3B0}
	EndGlobalSection
EndGlobal
